// !$*UTF8*$!
{
	archiveVersion = 1;
	classes = {
	};
	objectVersion = 56;
	objects = {

/* Begin PBXBuildFile section */
		574FFF9029903BA500EE0BB1 /* String+FirstCharacterLowercasedOrNil.swift in Sources */ = {isa = PBXBuildFile; fileRef = 574FFF8F29903BA500EE0BB1 /* String+FirstCharacterLowercasedOrNil.swift */; };
		5783D95E298AD55000EE36AF /* Cocktail+CoreDataClass.swift in Sources */ = {isa = PBXBuildFile; fileRef = 5783D95A298AD55000EE36AF /* Cocktail+CoreDataClass.swift */; };
		5783D95F298AD55000EE36AF /* Cocktail+CoreDataProperties.swift in Sources */ = {isa = PBXBuildFile; fileRef = 5783D95B298AD55000EE36AF /* Cocktail+CoreDataProperties.swift */; };
		5783D960298AD55000EE36AF /* Component+CoreDataClass.swift in Sources */ = {isa = PBXBuildFile; fileRef = 5783D95C298AD55000EE36AF /* Component+CoreDataClass.swift */; };
		5783D961298AD55000EE36AF /* Component+CoreDataProperties.swift in Sources */ = {isa = PBXBuildFile; fileRef = 5783D95D298AD55000EE36AF /* Component+CoreDataProperties.swift */; };
		5783D965298AE8F100EE36AF /* Storage.swift in Sources */ = {isa = PBXBuildFile; fileRef = 5783D964298AE8F100EE36AF /* Storage.swift */; };
		578DAC572987C58A00B94904 /* MyActivityIndicator.swift in Sources */ = {isa = PBXBuildFile; fileRef = 578DAC562987C58A00B94904 /* MyActivityIndicator.swift */; };
		578DAC592987D3ED00B94904 /* View+NavigationTitleHidden.swift in Sources */ = {isa = PBXBuildFile; fileRef = 578DAC582987D3ED00B94904 /* View+NavigationTitleHidden.swift */; };
		578DAC5F2987F1B400B94904 /* Nuke in Frameworks */ = {isa = PBXBuildFile; productRef = 578DAC5E2987F1B400B94904 /* Nuke */; };
		578DAC612987F1B400B94904 /* NukeExtensions in Frameworks */ = {isa = PBXBuildFile; productRef = 578DAC602987F1B400B94904 /* NukeExtensions */; };
		578DAC632987F1B400B94904 /* NukeUI in Frameworks */ = {isa = PBXBuildFile; productRef = 578DAC622987F1B400B94904 /* NukeUI */; };
		578DAC662987FEC600B94904 /* DataController.swift in Sources */ = {isa = PBXBuildFile; fileRef = 578DAC652987FEC600B94904 /* DataController.swift */; };
		578DAC692987FF5D00B94904 /* Model.xcdatamodeld in Sources */ = {isa = PBXBuildFile; fileRef = 578DAC672987FF5D00B94904 /* Model.xcdatamodeld */; };
		57917BC52982797200C507C2 /* FavouritesView.swift in Sources */ = {isa = PBXBuildFile; fileRef = 57917BC42982797200C507C2 /* FavouritesView.swift */; };
		57917BC9298288B600C507C2 /* TipDetailsView.swift in Sources */ = {isa = PBXBuildFile; fileRef = 57917BC8298288B600C507C2 /* TipDetailsView.swift */; };
		5791F7E0298BC3CE002531C6 /* MyActivityItemSource.swift in Sources */ = {isa = PBXBuildFile; fileRef = 5791F7DF298BC3CE002531C6 /* MyActivityItemSource.swift */; };
		5791F7E2298BC3F5002531C6 /* UIApplication+Window.swift in Sources */ = {isa = PBXBuildFile; fileRef = 5791F7E1298BC3F5002531C6 /* UIApplication+Window.swift */; };
		5791F7E4298BE277002531C6 /* DatabaseManager.swift in Sources */ = {isa = PBXBuildFile; fileRef = 5791F7E3298BE277002531C6 /* DatabaseManager.swift */; };
		5796F838298947B50069057D /* StorageKeys.swift in Sources */ = {isa = PBXBuildFile; fileRef = 5796F837298947B50069057D /* StorageKeys.swift */; };
		5796F83A298949E50069057D /* FilteredCocktailsView.swift in Sources */ = {isa = PBXBuildFile; fileRef = 5796F839298949E50069057D /* FilteredCocktailsView.swift */; };
		5796F83E29899E280069057D /* PredicateEnums.swift in Sources */ = {isa = PBXBuildFile; fileRef = 5796F83D29899E280069057D /* PredicateEnums.swift */; };
		57CC608C2978005600C0D12A /* CocktailsSwiftUIApp.swift in Sources */ = {isa = PBXBuildFile; fileRef = 57CC608B2978005600C0D12A /* CocktailsSwiftUIApp.swift */; };
		57CC608E2978005700C0D12A /* ContentView.swift in Sources */ = {isa = PBXBuildFile; fileRef = 57CC608D2978005600C0D12A /* ContentView.swift */; };
		57CC60902978005900C0D12A /* Assets.xcassets in Resources */ = {isa = PBXBuildFile; fileRef = 57CC608F2978005900C0D12A /* Assets.xcassets */; };
		57CC60932978005900C0D12A /* Preview Assets.xcassets in Resources */ = {isa = PBXBuildFile; fileRef = 57CC60922978005900C0D12A /* Preview Assets.xcassets */; };
		57CC60A62978374700C0D12A /* DiscoverView.swift in Sources */ = {isa = PBXBuildFile; fileRef = 57CC60A52978374700C0D12A /* DiscoverView.swift */; };
		57CC60A82978375800C0D12A /* AssistantView.swift in Sources */ = {isa = PBXBuildFile; fileRef = 57CC60A72978375800C0D12A /* AssistantView.swift */; };
		57CC60AA2978376200C0D12A /* GlassesView.swift in Sources */ = {isa = PBXBuildFile; fileRef = 57CC60A92978376200C0D12A /* GlassesView.swift */; };
		57CC60AC2978376C00C0D12A /* IngredientsView.swift in Sources */ = {isa = PBXBuildFile; fileRef = 57CC60AB2978376C00C0D12A /* IngredientsView.swift */; };
		57CC60AE2978377C00C0D12A /* CocktailsView.swift in Sources */ = {isa = PBXBuildFile; fileRef = 57CC60AD2978377C00C0D12A /* CocktailsView.swift */; };
		57CC60B12978566400C0D12A /* IconicCocktail.swift in Sources */ = {isa = PBXBuildFile; fileRef = 57CC60B02978566400C0D12A /* IconicCocktail.swift */; };
		57CC60B329785B1F00C0D12A /* CocktailType.swift in Sources */ = {isa = PBXBuildFile; fileRef = 57CC60B229785B1F00C0D12A /* CocktailType.swift */; };
		57CC60B729794EC900C0D12A /* AppColors.swift in Sources */ = {isa = PBXBuildFile; fileRef = 57CC60B629794EC900C0D12A /* AppColors.swift */; };
		57CC60B92979548C00C0D12A /* Drink.swift in Sources */ = {isa = PBXBuildFile; fileRef = 57CC60B82979548C00C0D12A /* Drink.swift */; };
		57CC60BB2979564800C0D12A /* CocktailCellView.swift in Sources */ = {isa = PBXBuildFile; fileRef = 57CC60BA2979564800C0D12A /* CocktailCellView.swift */; };
		57CC60BD29796F4E00C0D12A /* CocktailsViewModel.swift in Sources */ = {isa = PBXBuildFile; fileRef = 57CC60BC29796F4E00C0D12A /* CocktailsViewModel.swift */; };
		57CC60BF2979935A00C0D12A /* DiscoverViewModel.swift in Sources */ = {isa = PBXBuildFile; fileRef = 57CC60BE2979935A00C0D12A /* DiscoverViewModel.swift */; };
		57CC60C129799FA000C0D12A /* CategoryView.swift in Sources */ = {isa = PBXBuildFile; fileRef = 57CC60C029799FA000C0D12A /* CategoryView.swift */; };
		57CC60C32979A02C00C0D12A /* Category.swift in Sources */ = {isa = PBXBuildFile; fileRef = 57CC60C22979A02C00C0D12A /* Category.swift */; };
		57CC60C6297E8A2800C0D12A /* WebService.swift in Sources */ = {isa = PBXBuildFile; fileRef = 57CC60C5297E8A2800C0D12A /* WebService.swift */; };
		57CC60C8297E8A3100C0D12A /* Endpoints.swift in Sources */ = {isa = PBXBuildFile; fileRef = 57CC60C7297E8A3100C0D12A /* Endpoints.swift */; };
		57CC60CA297EB87E00C0D12A /* GlassesViewModel.swift in Sources */ = {isa = PBXBuildFile; fileRef = 57CC60C9297EB87E00C0D12A /* GlassesViewModel.swift */; };
		57CC60CC297EB8BD00C0D12A /* Glass.swift in Sources */ = {isa = PBXBuildFile; fileRef = 57CC60CB297EB8BD00C0D12A /* Glass.swift */; };
		57CC60CE297EBBE100C0D12A /* IngredientView.swift in Sources */ = {isa = PBXBuildFile; fileRef = 57CC60CD297EBBE100C0D12A /* IngredientView.swift */; };
		57CC60D0297EBC7000C0D12A /* Ingredient.swift in Sources */ = {isa = PBXBuildFile; fileRef = 57CC60CF297EBC7000C0D12A /* Ingredient.swift */; };
		57CC60D2297EBDBA00C0D12A /* IngredientsViewModel.swift in Sources */ = {isa = PBXBuildFile; fileRef = 57CC60D1297EBDBA00C0D12A /* IngredientsViewModel.swift */; };
		57CC60D4297EC70A00C0D12A /* Tip.swift in Sources */ = {isa = PBXBuildFile; fileRef = 57CC60D3297EC70A00C0D12A /* Tip.swift */; };
		57CC60D7297ED20000C0D12A /* AssistantCellView.swift in Sources */ = {isa = PBXBuildFile; fileRef = 57CC60D6297ED20000C0D12A /* AssistantCellView.swift */; };
		57CC60D9297ED48800C0D12A /* TipsView.swift in Sources */ = {isa = PBXBuildFile; fileRef = 57CC60D8297ED48800C0D12A /* TipsView.swift */; };
		57CC60DB297ED4E700C0D12A /* TipView.swift in Sources */ = {isa = PBXBuildFile; fileRef = 57CC60DA297ED4E700C0D12A /* TipView.swift */; };
		57CC60DE2980193E00C0D12A /* CategoryDetailsView.swift in Sources */ = {isa = PBXBuildFile; fileRef = 57CC60DD2980193E00C0D12A /* CategoryDetailsView.swift */; };
		57CC60E1298019F900C0D12A /* CategoryDetailsViewModel.swift in Sources */ = {isa = PBXBuildFile; fileRef = 57CC60E0298019F900C0D12A /* CategoryDetailsViewModel.swift */; };
		57CC60E329801BCF00C0D12A /* DrinkByCategoryView.swift in Sources */ = {isa = PBXBuildFile; fileRef = 57CC60E229801BCF00C0D12A /* DrinkByCategoryView.swift */; };
		57CC60E62980274100C0D12A /* CocktailDetailsView.swift in Sources */ = {isa = PBXBuildFile; fileRef = 57CC60E52980274100C0D12A /* CocktailDetailsView.swift */; };
		57CC60E829802BEA00C0D12A /* IngredientAndMeasure.swift in Sources */ = {isa = PBXBuildFile; fileRef = 57CC60E729802BEA00C0D12A /* IngredientAndMeasure.swift */; };
		57CC60EA2980313800C0D12A /* CocktailDetailsViewModel.swift in Sources */ = {isa = PBXBuildFile; fileRef = 57CC60E92980313800C0D12A /* CocktailDetailsViewModel.swift */; };
		57CC60EC29803CD300C0D12A /* CocktailTypeView.swift in Sources */ = {isa = PBXBuildFile; fileRef = 57CC60EB29803CD300C0D12A /* CocktailTypeView.swift */; };
		57CC60EE29803E5600C0D12A /* CocktailTypeViewModel.swift in Sources */ = {isa = PBXBuildFile; fileRef = 57CC60ED29803E5600C0D12A /* CocktailTypeViewModel.swift */; };
		57EDFB56298165D60003F180 /* IngredientsDetailsView.swift in Sources */ = {isa = PBXBuildFile; fileRef = 57EDFB55298165D60003F180 /* IngredientsDetailsView.swift */; };
		57EDFB58298165E30003F180 /* IngredientsDetailsViewModel.swift in Sources */ = {isa = PBXBuildFile; fileRef = 57EDFB57298165E30003F180 /* IngredientsDetailsViewModel.swift */; };
		57EDFB5B2981684C0003F180 /* GlassesDetailsView.swift in Sources */ = {isa = PBXBuildFile; fileRef = 57EDFB5A2981684C0003F180 /* GlassesDetailsView.swift */; };
		57EDFB5D298168590003F180 /* GlassesDetailsViewModel.swift in Sources */ = {isa = PBXBuildFile; fileRef = 57EDFB5C298168590003F180 /* GlassesDetailsViewModel.swift */; };
/* End PBXBuildFile section */

/* Begin PBXFileReference section */
		574FFF8F29903BA500EE0BB1 /* String+FirstCharacterLowercasedOrNil.swift */ = {isa = PBXFileReference; lastKnownFileType = sourcecode.swift; name = "String+FirstCharacterLowercasedOrNil.swift"; path = "CocktailsSwiftUI/Sources/Utilities/String+FirstCharacterLowercasedOrNil.swift"; sourceTree = SOURCE_ROOT; };
		5783D95A298AD55000EE36AF /* Cocktail+CoreDataClass.swift */ = {isa = PBXFileReference; lastKnownFileType = sourcecode.swift; path = "Cocktail+CoreDataClass.swift"; sourceTree = SOURCE_ROOT; };
		5783D95B298AD55000EE36AF /* Cocktail+CoreDataProperties.swift */ = {isa = PBXFileReference; lastKnownFileType = sourcecode.swift; path = "Cocktail+CoreDataProperties.swift"; sourceTree = SOURCE_ROOT; };
		5783D95C298AD55000EE36AF /* Component+CoreDataClass.swift */ = {isa = PBXFileReference; lastKnownFileType = sourcecode.swift; path = "Component+CoreDataClass.swift"; sourceTree = SOURCE_ROOT; };
		5783D95D298AD55000EE36AF /* Component+CoreDataProperties.swift */ = {isa = PBXFileReference; lastKnownFileType = sourcecode.swift; path = "Component+CoreDataProperties.swift"; sourceTree = SOURCE_ROOT; };
		5783D964298AE8F100EE36AF /* Storage.swift */ = {isa = PBXFileReference; lastKnownFileType = sourcecode.swift; path = Storage.swift; sourceTree = "<group>"; };
		578DAC562987C58A00B94904 /* MyActivityIndicator.swift */ = {isa = PBXFileReference; lastKnownFileType = sourcecode.swift; path = MyActivityIndicator.swift; sourceTree = "<group>"; };
		578DAC582987D3ED00B94904 /* View+NavigationTitleHidden.swift */ = {isa = PBXFileReference; lastKnownFileType = sourcecode.swift; name = "View+NavigationTitleHidden.swift"; path = "CocktailsSwiftUI/Sources/Utilities/View+NavigationTitleHidden.swift"; sourceTree = SOURCE_ROOT; };
		578DAC652987FEC600B94904 /* DataController.swift */ = {isa = PBXFileReference; lastKnownFileType = sourcecode.swift; path = DataController.swift; sourceTree = "<group>"; };
		578DAC682987FF5D00B94904 /* Model.xcdatamodel */ = {isa = PBXFileReference; lastKnownFileType = wrapper.xcdatamodel; path = Model.xcdatamodel; sourceTree = "<group>"; };
		57917BC42982797200C507C2 /* FavouritesView.swift */ = {isa = PBXFileReference; lastKnownFileType = sourcecode.swift; path = FavouritesView.swift; sourceTree = "<group>"; };
		57917BC8298288B600C507C2 /* TipDetailsView.swift */ = {isa = PBXFileReference; lastKnownFileType = sourcecode.swift; path = TipDetailsView.swift; sourceTree = "<group>"; };
		5791F7DF298BC3CE002531C6 /* MyActivityItemSource.swift */ = {isa = PBXFileReference; lastKnownFileType = sourcecode.swift; path = MyActivityItemSource.swift; sourceTree = "<group>"; };
		5791F7E1298BC3F5002531C6 /* UIApplication+Window.swift */ = {isa = PBXFileReference; lastKnownFileType = sourcecode.swift; name = "UIApplication+Window.swift"; path = "CocktailsSwiftUI/Sources/Utilities/UIApplication+Window.swift"; sourceTree = SOURCE_ROOT; };
		5791F7E3298BE277002531C6 /* DatabaseManager.swift */ = {isa = PBXFileReference; lastKnownFileType = sourcecode.swift; name = DatabaseManager.swift; path = CocktailsSwiftUI/Sources/Utilities/DatabaseManager.swift; sourceTree = SOURCE_ROOT; };
		5796F837298947B50069057D /* StorageKeys.swift */ = {isa = PBXFileReference; lastKnownFileType = sourcecode.swift; path = StorageKeys.swift; sourceTree = "<group>"; };
		5796F839298949E50069057D /* FilteredCocktailsView.swift */ = {isa = PBXFileReference; lastKnownFileType = sourcecode.swift; path = FilteredCocktailsView.swift; sourceTree = "<group>"; };
		5796F83D29899E280069057D /* PredicateEnums.swift */ = {isa = PBXFileReference; lastKnownFileType = sourcecode.swift; path = PredicateEnums.swift; sourceTree = "<group>"; };
		57CC60882978005600C0D12A /* CocktailsSwiftUI.app */ = {isa = PBXFileReference; explicitFileType = wrapper.application; includeInIndex = 0; path = CocktailsSwiftUI.app; sourceTree = BUILT_PRODUCTS_DIR; };
		57CC608B2978005600C0D12A /* CocktailsSwiftUIApp.swift */ = {isa = PBXFileReference; lastKnownFileType = sourcecode.swift; path = CocktailsSwiftUIApp.swift; sourceTree = "<group>"; };
		57CC608D2978005600C0D12A /* ContentView.swift */ = {isa = PBXFileReference; lastKnownFileType = sourcecode.swift; path = ContentView.swift; sourceTree = "<group>"; };
		57CC608F2978005900C0D12A /* Assets.xcassets */ = {isa = PBXFileReference; lastKnownFileType = folder.assetcatalog; path = Assets.xcassets; sourceTree = "<group>"; };
		57CC60922978005900C0D12A /* Preview Assets.xcassets */ = {isa = PBXFileReference; lastKnownFileType = folder.assetcatalog; path = "Preview Assets.xcassets"; sourceTree = "<group>"; };
		57CC60A52978374700C0D12A /* DiscoverView.swift */ = {isa = PBXFileReference; lastKnownFileType = sourcecode.swift; path = DiscoverView.swift; sourceTree = "<group>"; };
		57CC60A72978375800C0D12A /* AssistantView.swift */ = {isa = PBXFileReference; lastKnownFileType = sourcecode.swift; path = AssistantView.swift; sourceTree = "<group>"; };
		57CC60A92978376200C0D12A /* GlassesView.swift */ = {isa = PBXFileReference; lastKnownFileType = sourcecode.swift; path = GlassesView.swift; sourceTree = "<group>"; };
		57CC60AB2978376C00C0D12A /* IngredientsView.swift */ = {isa = PBXFileReference; lastKnownFileType = sourcecode.swift; path = IngredientsView.swift; sourceTree = "<group>"; };
		57CC60AD2978377C00C0D12A /* CocktailsView.swift */ = {isa = PBXFileReference; lastKnownFileType = sourcecode.swift; path = CocktailsView.swift; sourceTree = "<group>"; };
		57CC60B02978566400C0D12A /* IconicCocktail.swift */ = {isa = PBXFileReference; lastKnownFileType = sourcecode.swift; path = IconicCocktail.swift; sourceTree = "<group>"; };
		57CC60B229785B1F00C0D12A /* CocktailType.swift */ = {isa = PBXFileReference; lastKnownFileType = sourcecode.swift; path = CocktailType.swift; sourceTree = "<group>"; };
		57CC60B629794EC900C0D12A /* AppColors.swift */ = {isa = PBXFileReference; lastKnownFileType = sourcecode.swift; path = AppColors.swift; sourceTree = "<group>"; };
		57CC60B82979548C00C0D12A /* Drink.swift */ = {isa = PBXFileReference; lastKnownFileType = sourcecode.swift; path = Drink.swift; sourceTree = "<group>"; };
		57CC60BA2979564800C0D12A /* CocktailCellView.swift */ = {isa = PBXFileReference; lastKnownFileType = sourcecode.swift; path = CocktailCellView.swift; sourceTree = "<group>"; };
		57CC60BC29796F4E00C0D12A /* CocktailsViewModel.swift */ = {isa = PBXFileReference; lastKnownFileType = sourcecode.swift; path = CocktailsViewModel.swift; sourceTree = "<group>"; };
		57CC60BE2979935A00C0D12A /* DiscoverViewModel.swift */ = {isa = PBXFileReference; lastKnownFileType = sourcecode.swift; path = DiscoverViewModel.swift; sourceTree = "<group>"; };
		57CC60C029799FA000C0D12A /* CategoryView.swift */ = {isa = PBXFileReference; lastKnownFileType = sourcecode.swift; path = CategoryView.swift; sourceTree = "<group>"; };
		57CC60C22979A02C00C0D12A /* Category.swift */ = {isa = PBXFileReference; lastKnownFileType = sourcecode.swift; path = Category.swift; sourceTree = "<group>"; };
		57CC60C5297E8A2800C0D12A /* WebService.swift */ = {isa = PBXFileReference; lastKnownFileType = sourcecode.swift; path = WebService.swift; sourceTree = "<group>"; };
		57CC60C7297E8A3100C0D12A /* Endpoints.swift */ = {isa = PBXFileReference; lastKnownFileType = sourcecode.swift; path = Endpoints.swift; sourceTree = "<group>"; };
		57CC60C9297EB87E00C0D12A /* GlassesViewModel.swift */ = {isa = PBXFileReference; lastKnownFileType = sourcecode.swift; path = GlassesViewModel.swift; sourceTree = "<group>"; };
		57CC60CB297EB8BD00C0D12A /* Glass.swift */ = {isa = PBXFileReference; lastKnownFileType = sourcecode.swift; path = Glass.swift; sourceTree = "<group>"; };
		57CC60CD297EBBE100C0D12A /* IngredientView.swift */ = {isa = PBXFileReference; lastKnownFileType = sourcecode.swift; path = IngredientView.swift; sourceTree = "<group>"; };
		57CC60CF297EBC7000C0D12A /* Ingredient.swift */ = {isa = PBXFileReference; lastKnownFileType = sourcecode.swift; path = Ingredient.swift; sourceTree = "<group>"; };
		57CC60D1297EBDBA00C0D12A /* IngredientsViewModel.swift */ = {isa = PBXFileReference; lastKnownFileType = sourcecode.swift; path = IngredientsViewModel.swift; sourceTree = "<group>"; };
		57CC60D3297EC70A00C0D12A /* Tip.swift */ = {isa = PBXFileReference; lastKnownFileType = sourcecode.swift; path = Tip.swift; sourceTree = "<group>"; };
		57CC60D6297ED20000C0D12A /* AssistantCellView.swift */ = {isa = PBXFileReference; lastKnownFileType = sourcecode.swift; path = AssistantCellView.swift; sourceTree = "<group>"; };
		57CC60D8297ED48800C0D12A /* TipsView.swift */ = {isa = PBXFileReference; lastKnownFileType = sourcecode.swift; path = TipsView.swift; sourceTree = "<group>"; };
		57CC60DA297ED4E700C0D12A /* TipView.swift */ = {isa = PBXFileReference; lastKnownFileType = sourcecode.swift; path = TipView.swift; sourceTree = "<group>"; };
		57CC60DD2980193E00C0D12A /* CategoryDetailsView.swift */ = {isa = PBXFileReference; lastKnownFileType = sourcecode.swift; path = CategoryDetailsView.swift; sourceTree = "<group>"; };
		57CC60E0298019F900C0D12A /* CategoryDetailsViewModel.swift */ = {isa = PBXFileReference; lastKnownFileType = sourcecode.swift; path = CategoryDetailsViewModel.swift; sourceTree = "<group>"; };
		57CC60E229801BCF00C0D12A /* DrinkByCategoryView.swift */ = {isa = PBXFileReference; lastKnownFileType = sourcecode.swift; path = DrinkByCategoryView.swift; sourceTree = "<group>"; };
		57CC60E52980274100C0D12A /* CocktailDetailsView.swift */ = {isa = PBXFileReference; lastKnownFileType = sourcecode.swift; path = CocktailDetailsView.swift; sourceTree = "<group>"; };
		57CC60E729802BEA00C0D12A /* IngredientAndMeasure.swift */ = {isa = PBXFileReference; lastKnownFileType = sourcecode.swift; path = IngredientAndMeasure.swift; sourceTree = "<group>"; };
		57CC60E92980313800C0D12A /* CocktailDetailsViewModel.swift */ = {isa = PBXFileReference; lastKnownFileType = sourcecode.swift; path = CocktailDetailsViewModel.swift; sourceTree = "<group>"; };
		57CC60EB29803CD300C0D12A /* CocktailTypeView.swift */ = {isa = PBXFileReference; lastKnownFileType = sourcecode.swift; path = CocktailTypeView.swift; sourceTree = "<group>"; };
		57CC60ED29803E5600C0D12A /* CocktailTypeViewModel.swift */ = {isa = PBXFileReference; lastKnownFileType = sourcecode.swift; path = CocktailTypeViewModel.swift; sourceTree = "<group>"; };
		57EDFB55298165D60003F180 /* IngredientsDetailsView.swift */ = {isa = PBXFileReference; lastKnownFileType = sourcecode.swift; path = IngredientsDetailsView.swift; sourceTree = "<group>"; };
		57EDFB57298165E30003F180 /* IngredientsDetailsViewModel.swift */ = {isa = PBXFileReference; lastKnownFileType = sourcecode.swift; path = IngredientsDetailsViewModel.swift; sourceTree = "<group>"; };
		57EDFB5A2981684C0003F180 /* GlassesDetailsView.swift */ = {isa = PBXFileReference; lastKnownFileType = sourcecode.swift; path = GlassesDetailsView.swift; sourceTree = "<group>"; };
		57EDFB5C298168590003F180 /* GlassesDetailsViewModel.swift */ = {isa = PBXFileReference; lastKnownFileType = sourcecode.swift; path = GlassesDetailsViewModel.swift; sourceTree = "<group>"; };
/* End PBXFileReference section */

/* Begin PBXFrameworksBuildPhase section */
		57CC60852978005600C0D12A /* Frameworks */ = {
			isa = PBXFrameworksBuildPhase;
			buildActionMask = 2147483647;
			files = (
				578DAC632987F1B400B94904 /* NukeUI in Frameworks */,
				578DAC5F2987F1B400B94904 /* Nuke in Frameworks */,
				578DAC612987F1B400B94904 /* NukeExtensions in Frameworks */,
			);
			runOnlyForDeploymentPostprocessing = 0;
		};
/* End PBXFrameworksBuildPhase section */

/* Begin PBXGroup section */
		578DAC642987FEB700B94904 /* CoreData */ = {
			isa = PBXGroup;
			children = (
				578DAC672987FF5D00B94904 /* Model.xcdatamodeld */,
				5783D95A298AD55000EE36AF /* Cocktail+CoreDataClass.swift */,
				5783D95B298AD55000EE36AF /* Cocktail+CoreDataProperties.swift */,
				5783D95C298AD55000EE36AF /* Component+CoreDataClass.swift */,
				5783D95D298AD55000EE36AF /* Component+CoreDataProperties.swift */,
				578DAC652987FEC600B94904 /* DataController.swift */,
			);
			path = CoreData;
			sourceTree = "<group>";
		};
		57917BC32982793E00C507C2 /* Favourites */ = {
			isa = PBXGroup;
			children = (
				57917BC42982797200C507C2 /* FavouritesView.swift */,
			);
			path = Favourites;
			sourceTree = "<group>";
		};
		57917BCA298288BE00C507C2 /* Details */ = {
			isa = PBXGroup;
			children = (
				57917BC8298288B600C507C2 /* TipDetailsView.swift */,
			);
			path = Details;
			sourceTree = "<group>";
		};
		57CC607F2978005600C0D12A = {
			isa = PBXGroup;
			children = (
				57CC608A2978005600C0D12A /* CocktailsSwiftUI */,
				57CC60892978005600C0D12A /* Products */,
			);
			sourceTree = "<group>";
		};
		57CC60892978005600C0D12A /* Products */ = {
			isa = PBXGroup;
			children = (
				57CC60882978005600C0D12A /* CocktailsSwiftUI.app */,
			);
			name = Products;
			sourceTree = "<group>";
		};
		57CC608A2978005600C0D12A /* CocktailsSwiftUI */ = {
			isa = PBXGroup;
			children = (
				57CC608B2978005600C0D12A /* CocktailsSwiftUIApp.swift */,
				57CC608D2978005600C0D12A /* ContentView.swift */,
				57CC60B429794E6200C0D12A /* Sources */,
				57CC609C2978014E00C0D12A /* Resources */,
				57CC60912978005900C0D12A /* Preview Content */,
			);
			path = CocktailsSwiftUI;
			sourceTree = "<group>";
		};
		57CC60912978005900C0D12A /* Preview Content */ = {
			isa = PBXGroup;
			children = (
				57CC60922978005900C0D12A /* Preview Assets.xcassets */,
			);
			path = "Preview Content";
			sourceTree = "<group>";
		};
		57CC6099297800B400C0D12A /* Model */ = {
			isa = PBXGroup;
			children = (
				57CC60C22979A02C00C0D12A /* Category.swift */,
				57CC60B82979548C00C0D12A /* Drink.swift */,
				57CC60CB297EB8BD00C0D12A /* Glass.swift */,
				57CC60CF297EBC7000C0D12A /* Ingredient.swift */,
				57CC60E729802BEA00C0D12A /* IngredientAndMeasure.swift */,
				57CC60D3297EC70A00C0D12A /* Tip.swift */,
			);
			path = Model;
			sourceTree = "<group>";
		};
		57CC609A297800BD00C0D12A /* Managers */ = {
			isa = PBXGroup;
			children = (
				5791F7E3298BE277002531C6 /* DatabaseManager.swift */,
			);
			path = Managers;
			sourceTree = "<group>";
		};
		57CC609B2978013800C0D12A /* Extensions */ = {
			isa = PBXGroup;
			children = (
				574FFF8F29903BA500EE0BB1 /* String+FirstCharacterLowercasedOrNil.swift */,
				5791F7E1298BC3F5002531C6 /* UIApplication+Window.swift */,
				578DAC582987D3ED00B94904 /* View+NavigationTitleHidden.swift */,
			);
			path = Extensions;
			sourceTree = "<group>";
		};
		57CC609C2978014E00C0D12A /* Resources */ = {
			isa = PBXGroup;
			children = (
				57CC608F2978005900C0D12A /* Assets.xcassets */,
			);
			path = Resources;
			sourceTree = "<group>";
		};
		57CC609D2978016400C0D12A /* Features */ = {
			isa = PBXGroup;
			children = (
				57CC60A2297836F400C0D12A /* Assistant */,
				57CC60E42980272300C0D12A /* CocktailDetails */,
				57CC609F297836D200C0D12A /* Cocktails */,
				57CC609E297836C800C0D12A /* Discover */,
				57917BC32982793E00C507C2 /* Favourites */,
				57CC60A1297836ED00C0D12A /* Glasses */,
				57CC60A0297836DE00C0D12A /* Ingredients */,
				57CC60D5297ED1A500C0D12A /* Tips */,
			);
			path = Features;
			sourceTree = "<group>";
		};
		57CC609E297836C800C0D12A /* Discover */ = {
			isa = PBXGroup;
			children = (
				57CC60DF298019E500C0D12A /* Details */,
				57CC60A52978374700C0D12A /* DiscoverView.swift */,
				57CC60BE2979935A00C0D12A /* DiscoverViewModel.swift */,
			);
			path = Discover;
			sourceTree = "<group>";
		};
		57CC609F297836D200C0D12A /* Cocktails */ = {
			isa = PBXGroup;
			children = (
				57CC60AD2978377C00C0D12A /* CocktailsView.swift */,
				57CC60BC29796F4E00C0D12A /* CocktailsViewModel.swift */,
				5796F839298949E50069057D /* FilteredCocktailsView.swift */,
			);
			path = Cocktails;
			sourceTree = "<group>";
		};
		57CC60A0297836DE00C0D12A /* Ingredients */ = {
			isa = PBXGroup;
			children = (
				57EDFB54298165C10003F180 /* Details */,
				57CC60AB2978376C00C0D12A /* IngredientsView.swift */,
				57CC60D1297EBDBA00C0D12A /* IngredientsViewModel.swift */,
			);
			path = Ingredients;
			sourceTree = "<group>";
		};
		57CC60A1297836ED00C0D12A /* Glasses */ = {
			isa = PBXGroup;
			children = (
				57EDFB59298168260003F180 /* Details */,
				57CC60A92978376200C0D12A /* GlassesView.swift */,
				57CC60C9297EB87E00C0D12A /* GlassesViewModel.swift */,
			);
			path = Glasses;
			sourceTree = "<group>";
		};
		57CC60A2297836F400C0D12A /* Assistant */ = {
			isa = PBXGroup;
			children = (
				57CC60A72978375800C0D12A /* AssistantView.swift */,
			);
			path = Assistant;
			sourceTree = "<group>";
		};
		57CC60AF2978562000C0D12A /* Custom Views */ = {
			isa = PBXGroup;
			children = (
				57CC60D6297ED20000C0D12A /* AssistantCellView.swift */,
				57CC60C029799FA000C0D12A /* CategoryView.swift */,
				57CC60BA2979564800C0D12A /* CocktailCellView.swift */,
				57CC60B229785B1F00C0D12A /* CocktailType.swift */,
				57CC60E229801BCF00C0D12A /* DrinkByCategoryView.swift */,
				57CC60B02978566400C0D12A /* IconicCocktail.swift */,
				57CC60CD297EBBE100C0D12A /* IngredientView.swift */,
				57CC60DA297ED4E700C0D12A /* TipView.swift */,
			);
			path = "Custom Views";
			sourceTree = "<group>";
		};
		57CC60B429794E6200C0D12A /* Sources */ = {
			isa = PBXGroup;
			children = (
				578DAC642987FEB700B94904 /* CoreData */,
				57CC60AF2978562000C0D12A /* Custom Views */,
				57CC609B2978013800C0D12A /* Extensions */,
				57CC609D2978016400C0D12A /* Features */,
				57CC609A297800BD00C0D12A /* Managers */,
				57CC6099297800B400C0D12A /* Model */,
				57CC60B529794EAA00C0D12A /* Utilities */,
				57CC60C4297E8A0E00C0D12A /* WebService */,
			);
			path = Sources;
			sourceTree = "<group>";
		};
		57CC60B529794EAA00C0D12A /* Utilities */ = {
			isa = PBXGroup;
			children = (
				57CC60B629794EC900C0D12A /* AppColors.swift */,
				578DAC562987C58A00B94904 /* MyActivityIndicator.swift */,
				5796F83D29899E280069057D /* PredicateEnums.swift */,
				5783D964298AE8F100EE36AF /* Storage.swift */,
				5796F837298947B50069057D /* StorageKeys.swift */,
				5791F7DF298BC3CE002531C6 /* MyActivityItemSource.swift */,
			);
			path = Utilities;
			sourceTree = "<group>";
		};
		57CC60C4297E8A0E00C0D12A /* WebService */ = {
			isa = PBXGroup;
			children = (
				57CC60C7297E8A3100C0D12A /* Endpoints.swift */,
				57CC60C5297E8A2800C0D12A /* WebService.swift */,
			);
			path = WebService;
			sourceTree = "<group>";
		};
		57CC60D5297ED1A500C0D12A /* Tips */ = {
			isa = PBXGroup;
			children = (
				57917BCA298288BE00C507C2 /* Details */,
				57CC60D8297ED48800C0D12A /* TipsView.swift */,
			);
			path = Tips;
			sourceTree = "<group>";
		};
		57CC60DF298019E500C0D12A /* Details */ = {
			isa = PBXGroup;
			children = (
				57CC60DD2980193E00C0D12A /* CategoryDetailsView.swift */,
				57CC60E0298019F900C0D12A /* CategoryDetailsViewModel.swift */,
				57CC60EB29803CD300C0D12A /* CocktailTypeView.swift */,
				57CC60ED29803E5600C0D12A /* CocktailTypeViewModel.swift */,
			);
			path = Details;
			sourceTree = "<group>";
		};
		57CC60E42980272300C0D12A /* CocktailDetails */ = {
			isa = PBXGroup;
			children = (
				57CC60E52980274100C0D12A /* CocktailDetailsView.swift */,
				57CC60E92980313800C0D12A /* CocktailDetailsViewModel.swift */,
			);
			path = CocktailDetails;
			sourceTree = "<group>";
		};
		57EDFB54298165C10003F180 /* Details */ = {
			isa = PBXGroup;
			children = (
				57EDFB55298165D60003F180 /* IngredientsDetailsView.swift */,
				57EDFB57298165E30003F180 /* IngredientsDetailsViewModel.swift */,
			);
			path = Details;
			sourceTree = "<group>";
		};
		57EDFB59298168260003F180 /* Details */ = {
			isa = PBXGroup;
			children = (
				57EDFB5A2981684C0003F180 /* GlassesDetailsView.swift */,
				57EDFB5C298168590003F180 /* GlassesDetailsViewModel.swift */,
			);
			path = Details;
			sourceTree = "<group>";
		};
/* End PBXGroup section */

/* Begin PBXNativeTarget section */
		57CC60872978005600C0D12A /* CocktailsSwiftUI */ = {
			isa = PBXNativeTarget;
			buildConfigurationList = 57CC60962978005900C0D12A /* Build configuration list for PBXNativeTarget "CocktailsSwiftUI" */;
			buildPhases = (
				57CC60842978005600C0D12A /* Sources */,
				57CC60852978005600C0D12A /* Frameworks */,
				57CC60862978005600C0D12A /* Resources */,
			);
			buildRules = (
			);
			dependencies = (
			);
			name = CocktailsSwiftUI;
			packageProductDependencies = (
				578DAC5E2987F1B400B94904 /* Nuke */,
				578DAC602987F1B400B94904 /* NukeExtensions */,
				578DAC622987F1B400B94904 /* NukeUI */,
			);
			productName = CocktailsSwiftUI;
			productReference = 57CC60882978005600C0D12A /* CocktailsSwiftUI.app */;
			productType = "com.apple.product-type.application";
		};
/* End PBXNativeTarget section */

/* Begin PBXProject section */
		57CC60802978005600C0D12A /* Project object */ = {
			isa = PBXProject;
			attributes = {
				BuildIndependentTargetsInParallel = 1;
				LastSwiftUpdateCheck = 1420;
				LastUpgradeCheck = 1420;
				TargetAttributes = {
					57CC60872978005600C0D12A = {
						CreatedOnToolsVersion = 14.2;
					};
				};
			};
			buildConfigurationList = 57CC60832978005600C0D12A /* Build configuration list for PBXProject "CocktailsSwiftUI" */;
			compatibilityVersion = "Xcode 14.0";
			developmentRegion = en;
			hasScannedForEncodings = 0;
			knownRegions = (
				en,
				Base,
			);
			mainGroup = 57CC607F2978005600C0D12A;
			packageReferences = (
				578DAC5D2987F1B400B94904 /* XCRemoteSwiftPackageReference "Nuke" */,
			);
			productRefGroup = 57CC60892978005600C0D12A /* Products */;
			projectDirPath = "";
			projectRoot = "";
			targets = (
				57CC60872978005600C0D12A /* CocktailsSwiftUI */,
			);
		};
/* End PBXProject section */

/* Begin PBXResourcesBuildPhase section */
		57CC60862978005600C0D12A /* Resources */ = {
			isa = PBXResourcesBuildPhase;
			buildActionMask = 2147483647;
			files = (
				57CC60932978005900C0D12A /* Preview Assets.xcassets in Resources */,
				57CC60902978005900C0D12A /* Assets.xcassets in Resources */,
			);
			runOnlyForDeploymentPostprocessing = 0;
		};
/* End PBXResourcesBuildPhase section */

/* Begin PBXSourcesBuildPhase section */
		57CC60842978005600C0D12A /* Sources */ = {
			isa = PBXSourcesBuildPhase;
			buildActionMask = 2147483647;
			files = (
				5791F7E0298BC3CE002531C6 /* MyActivityItemSource.swift in Sources */,
				57CC60CA297EB87E00C0D12A /* GlassesViewModel.swift in Sources */,
				578DAC692987FF5D00B94904 /* Model.xcdatamodeld in Sources */,
				57CC60B329785B1F00C0D12A /* CocktailType.swift in Sources */,
				578DAC592987D3ED00B94904 /* View+NavigationTitleHidden.swift in Sources */,
				5783D960298AD55000EE36AF /* Component+CoreDataClass.swift in Sources */,
				57CC60BD29796F4E00C0D12A /* CocktailsViewModel.swift in Sources */,
				57CC60E829802BEA00C0D12A /* IngredientAndMeasure.swift in Sources */,
				5791F7E4298BE277002531C6 /* DatabaseManager.swift in Sources */,
				57CC60DE2980193E00C0D12A /* CategoryDetailsView.swift in Sources */,
				57CC608E2978005700C0D12A /* ContentView.swift in Sources */,
				57CC60BF2979935A00C0D12A /* DiscoverViewModel.swift in Sources */,
				57CC60C6297E8A2800C0D12A /* WebService.swift in Sources */,
				57CC60AC2978376C00C0D12A /* IngredientsView.swift in Sources */,
				57CC60D7297ED20000C0D12A /* AssistantCellView.swift in Sources */,
				57CC60B92979548C00C0D12A /* Drink.swift in Sources */,
				5783D961298AD55000EE36AF /* Component+CoreDataProperties.swift in Sources */,
				57CC60CC297EB8BD00C0D12A /* Glass.swift in Sources */,
				57EDFB5B2981684C0003F180 /* GlassesDetailsView.swift in Sources */,
				57CC60EC29803CD300C0D12A /* CocktailTypeView.swift in Sources */,
				57CC60D4297EC70A00C0D12A /* Tip.swift in Sources */,
				57CC60B729794EC900C0D12A /* AppColors.swift in Sources */,
				5783D95F298AD55000EE36AF /* Cocktail+CoreDataProperties.swift in Sources */,
				5796F838298947B50069057D /* StorageKeys.swift in Sources */,
				5791F7E2298BC3F5002531C6 /* UIApplication+Window.swift in Sources */,
				57CC60D0297EBC7000C0D12A /* Ingredient.swift in Sources */,
				57CC60D2297EBDBA00C0D12A /* IngredientsViewModel.swift in Sources */,
				57917BC52982797200C507C2 /* FavouritesView.swift in Sources */,
				57CC60CE297EBBE100C0D12A /* IngredientView.swift in Sources */,
				5783D965298AE8F100EE36AF /* Storage.swift in Sources */,
				57CC60C32979A02C00C0D12A /* Category.swift in Sources */,
				57CC608C2978005600C0D12A /* CocktailsSwiftUIApp.swift in Sources */,
				57CC60DB297ED4E700C0D12A /* TipView.swift in Sources */,
				57CC60AE2978377C00C0D12A /* CocktailsView.swift in Sources */,
				5796F83A298949E50069057D /* FilteredCocktailsView.swift in Sources */,
				57CC60D9297ED48800C0D12A /* TipsView.swift in Sources */,
				57CC60AA2978376200C0D12A /* GlassesView.swift in Sources */,
				578DAC572987C58A00B94904 /* MyActivityIndicator.swift in Sources */,
				57CC60E329801BCF00C0D12A /* DrinkByCategoryView.swift in Sources */,
				57CC60A62978374700C0D12A /* DiscoverView.swift in Sources */,
				57CC60E1298019F900C0D12A /* CategoryDetailsViewModel.swift in Sources */,
				57EDFB5D298168590003F180 /* GlassesDetailsViewModel.swift in Sources */,
				57CC60B12978566400C0D12A /* IconicCocktail.swift in Sources */,
				57EDFB56298165D60003F180 /* IngredientsDetailsView.swift in Sources */,
				57917BC9298288B600C507C2 /* TipDetailsView.swift in Sources */,
				574FFF9029903BA500EE0BB1 /* String+FirstCharacterLowercasedOrNil.swift in Sources */,
				5796F83E29899E280069057D /* PredicateEnums.swift in Sources */,
				57EDFB58298165E30003F180 /* IngredientsDetailsViewModel.swift in Sources */,
				57CC60E62980274100C0D12A /* CocktailDetailsView.swift in Sources */,
				57CC60EA2980313800C0D12A /* CocktailDetailsViewModel.swift in Sources */,
				57CC60BB2979564800C0D12A /* CocktailCellView.swift in Sources */,
				578DAC662987FEC600B94904 /* DataController.swift in Sources */,
				57CC60A82978375800C0D12A /* AssistantView.swift in Sources */,
				57CC60C8297E8A3100C0D12A /* Endpoints.swift in Sources */,
				57CC60EE29803E5600C0D12A /* CocktailTypeViewModel.swift in Sources */,
				57CC60C129799FA000C0D12A /* CategoryView.swift in Sources */,
				5783D95E298AD55000EE36AF /* Cocktail+CoreDataClass.swift in Sources */,
			);
			runOnlyForDeploymentPostprocessing = 0;
		};
/* End PBXSourcesBuildPhase section */

/* Begin XCBuildConfiguration section */
		57CC60942978005900C0D12A /* Debug */ = {
			isa = XCBuildConfiguration;
			buildSettings = {
				ALWAYS_SEARCH_USER_PATHS = NO;
				CLANG_ANALYZER_NONNULL = YES;
				CLANG_ANALYZER_NUMBER_OBJECT_CONVERSION = YES_AGGRESSIVE;
				CLANG_CXX_LANGUAGE_STANDARD = "gnu++20";
				CLANG_ENABLE_MODULES = YES;
				CLANG_ENABLE_OBJC_ARC = YES;
				CLANG_ENABLE_OBJC_WEAK = YES;
				CLANG_WARN_BLOCK_CAPTURE_AUTORELEASING = YES;
				CLANG_WARN_BOOL_CONVERSION = YES;
				CLANG_WARN_COMMA = YES;
				CLANG_WARN_CONSTANT_CONVERSION = YES;
				CLANG_WARN_DEPRECATED_OBJC_IMPLEMENTATIONS = YES;
				CLANG_WARN_DIRECT_OBJC_ISA_USAGE = YES_ERROR;
				CLANG_WARN_DOCUMENTATION_COMMENTS = YES;
				CLANG_WARN_EMPTY_BODY = YES;
				CLANG_WARN_ENUM_CONVERSION = YES;
				CLANG_WARN_INFINITE_RECURSION = YES;
				CLANG_WARN_INT_CONVERSION = YES;
				CLANG_WARN_NON_LITERAL_NULL_CONVERSION = YES;
				CLANG_WARN_OBJC_IMPLICIT_RETAIN_SELF = YES;
				CLANG_WARN_OBJC_LITERAL_CONVERSION = YES;
				CLANG_WARN_OBJC_ROOT_CLASS = YES_ERROR;
				CLANG_WARN_QUOTED_INCLUDE_IN_FRAMEWORK_HEADER = YES;
				CLANG_WARN_RANGE_LOOP_ANALYSIS = YES;
				CLANG_WARN_STRICT_PROTOTYPES = YES;
				CLANG_WARN_SUSPICIOUS_MOVE = YES;
				CLANG_WARN_UNGUARDED_AVAILABILITY = YES_AGGRESSIVE;
				CLANG_WARN_UNREACHABLE_CODE = YES;
				CLANG_WARN__DUPLICATE_METHOD_MATCH = YES;
				COPY_PHASE_STRIP = NO;
				DEBUG_INFORMATION_FORMAT = dwarf;
				ENABLE_STRICT_OBJC_MSGSEND = YES;
				ENABLE_TESTABILITY = YES;
				GCC_C_LANGUAGE_STANDARD = gnu11;
				GCC_DYNAMIC_NO_PIC = NO;
				GCC_NO_COMMON_BLOCKS = YES;
				GCC_OPTIMIZATION_LEVEL = 0;
				GCC_PREPROCESSOR_DEFINITIONS = (
					"DEBUG=1",
					"$(inherited)",
				);
				GCC_WARN_64_TO_32_BIT_CONVERSION = YES;
				GCC_WARN_ABOUT_RETURN_TYPE = YES_ERROR;
				GCC_WARN_UNDECLARED_SELECTOR = YES;
				GCC_WARN_UNINITIALIZED_AUTOS = YES_AGGRESSIVE;
				GCC_WARN_UNUSED_FUNCTION = YES;
				GCC_WARN_UNUSED_VARIABLE = YES;
				IPHONEOS_DEPLOYMENT_TARGET = 16.2;
				MTL_ENABLE_DEBUG_INFO = INCLUDE_SOURCE;
				MTL_FAST_MATH = YES;
				ONLY_ACTIVE_ARCH = YES;
				SDKROOT = iphoneos;
				SWIFT_ACTIVE_COMPILATION_CONDITIONS = DEBUG;
				SWIFT_OPTIMIZATION_LEVEL = "-Onone";
			};
			name = Debug;
		};
		57CC60952978005900C0D12A /* Release */ = {
			isa = XCBuildConfiguration;
			buildSettings = {
				ALWAYS_SEARCH_USER_PATHS = NO;
				CLANG_ANALYZER_NONNULL = YES;
				CLANG_ANALYZER_NUMBER_OBJECT_CONVERSION = YES_AGGRESSIVE;
				CLANG_CXX_LANGUAGE_STANDARD = "gnu++20";
				CLANG_ENABLE_MODULES = YES;
				CLANG_ENABLE_OBJC_ARC = YES;
				CLANG_ENABLE_OBJC_WEAK = YES;
				CLANG_WARN_BLOCK_CAPTURE_AUTORELEASING = YES;
				CLANG_WARN_BOOL_CONVERSION = YES;
				CLANG_WARN_COMMA = YES;
				CLANG_WARN_CONSTANT_CONVERSION = YES;
				CLANG_WARN_DEPRECATED_OBJC_IMPLEMENTATIONS = YES;
				CLANG_WARN_DIRECT_OBJC_ISA_USAGE = YES_ERROR;
				CLANG_WARN_DOCUMENTATION_COMMENTS = YES;
				CLANG_WARN_EMPTY_BODY = YES;
				CLANG_WARN_ENUM_CONVERSION = YES;
				CLANG_WARN_INFINITE_RECURSION = YES;
				CLANG_WARN_INT_CONVERSION = YES;
				CLANG_WARN_NON_LITERAL_NULL_CONVERSION = YES;
				CLANG_WARN_OBJC_IMPLICIT_RETAIN_SELF = YES;
				CLANG_WARN_OBJC_LITERAL_CONVERSION = YES;
				CLANG_WARN_OBJC_ROOT_CLASS = YES_ERROR;
				CLANG_WARN_QUOTED_INCLUDE_IN_FRAMEWORK_HEADER = YES;
				CLANG_WARN_RANGE_LOOP_ANALYSIS = YES;
				CLANG_WARN_STRICT_PROTOTYPES = YES;
				CLANG_WARN_SUSPICIOUS_MOVE = YES;
				CLANG_WARN_UNGUARDED_AVAILABILITY = YES_AGGRESSIVE;
				CLANG_WARN_UNREACHABLE_CODE = YES;
				CLANG_WARN__DUPLICATE_METHOD_MATCH = YES;
				COPY_PHASE_STRIP = NO;
				DEBUG_INFORMATION_FORMAT = "dwarf-with-dsym";
				ENABLE_NS_ASSERTIONS = NO;
				ENABLE_STRICT_OBJC_MSGSEND = YES;
				GCC_C_LANGUAGE_STANDARD = gnu11;
				GCC_NO_COMMON_BLOCKS = YES;
				GCC_WARN_64_TO_32_BIT_CONVERSION = YES;
				GCC_WARN_ABOUT_RETURN_TYPE = YES_ERROR;
				GCC_WARN_UNDECLARED_SELECTOR = YES;
				GCC_WARN_UNINITIALIZED_AUTOS = YES_AGGRESSIVE;
				GCC_WARN_UNUSED_FUNCTION = YES;
				GCC_WARN_UNUSED_VARIABLE = YES;
				IPHONEOS_DEPLOYMENT_TARGET = 16.2;
				MTL_ENABLE_DEBUG_INFO = NO;
				MTL_FAST_MATH = YES;
				SDKROOT = iphoneos;
				SWIFT_COMPILATION_MODE = wholemodule;
				SWIFT_OPTIMIZATION_LEVEL = "-O";
				VALIDATE_PRODUCT = YES;
			};
			name = Release;
		};
		57CC60972978005900C0D12A /* Debug */ = {
			isa = XCBuildConfiguration;
			buildSettings = {
				ASSETCATALOG_COMPILER_APPICON_NAME = AppIcon;
				ASSETCATALOG_COMPILER_GLOBAL_ACCENT_COLOR_NAME = AccentColor;
				CODE_SIGN_STYLE = Automatic;
				CURRENT_PROJECT_VERSION = 1;
				DEVELOPMENT_ASSET_PATHS = "\"CocktailsSwiftUI/Preview Content\"";
				DEVELOPMENT_TEAM = Y3X6GMAKF6;
				ENABLE_PREVIEWS = YES;
				GENERATE_INFOPLIST_FILE = YES;
				INFOPLIST_KEY_UIApplicationSceneManifest_Generation = YES;
				INFOPLIST_KEY_UIApplicationSupportsIndirectInputEvents = YES;
				INFOPLIST_KEY_UILaunchScreen_Generation = YES;
				INFOPLIST_KEY_UISupportedInterfaceOrientations_iPad = "UIInterfaceOrientationPortrait UIInterfaceOrientationPortraitUpsideDown UIInterfaceOrientationLandscapeLeft UIInterfaceOrientationLandscapeRight";
				INFOPLIST_KEY_UISupportedInterfaceOrientations_iPhone = "UIInterfaceOrientationPortrait UIInterfaceOrientationLandscapeLeft UIInterfaceOrientationLandscapeRight";
				LD_RUNPATH_SEARCH_PATHS = (
					"$(inherited)",
					"@executable_path/Frameworks",
				);
				MARKETING_VERSION = 1.0;
				PRODUCT_BUNDLE_IDENTIFIER = com.riurean.CocktailsSwiftUI;
				PRODUCT_NAME = "$(TARGET_NAME)";
				SWIFT_EMIT_LOC_STRINGS = YES;
				SWIFT_VERSION = 5.0;
				TARGETED_DEVICE_FAMILY = "1,2";
			};
			name = Debug;
		};
		57CC60982978005900C0D12A /* Release */ = {
			isa = XCBuildConfiguration;
			buildSettings = {
				ASSETCATALOG_COMPILER_APPICON_NAME = AppIcon;
				ASSETCATALOG_COMPILER_GLOBAL_ACCENT_COLOR_NAME = AccentColor;
				CODE_SIGN_STYLE = Automatic;
				CURRENT_PROJECT_VERSION = 1;
				DEVELOPMENT_ASSET_PATHS = "\"CocktailsSwiftUI/Preview Content\"";
				DEVELOPMENT_TEAM = Y3X6GMAKF6;
				ENABLE_PREVIEWS = YES;
				GENERATE_INFOPLIST_FILE = YES;
				INFOPLIST_KEY_UIApplicationSceneManifest_Generation = YES;
				INFOPLIST_KEY_UIApplicationSupportsIndirectInputEvents = YES;
				INFOPLIST_KEY_UILaunchScreen_Generation = YES;
				INFOPLIST_KEY_UISupportedInterfaceOrientations_iPad = "UIInterfaceOrientationPortrait UIInterfaceOrientationPortraitUpsideDown UIInterfaceOrientationLandscapeLeft UIInterfaceOrientationLandscapeRight";
				INFOPLIST_KEY_UISupportedInterfaceOrientations_iPhone = "UIInterfaceOrientationPortrait UIInterfaceOrientationLandscapeLeft UIInterfaceOrientationLandscapeRight";
				LD_RUNPATH_SEARCH_PATHS = (
					"$(inherited)",
					"@executable_path/Frameworks",
				);
				MARKETING_VERSION = 1.0;
				PRODUCT_BUNDLE_IDENTIFIER = com.riurean.CocktailsSwiftUI;
				PRODUCT_NAME = "$(TARGET_NAME)";
				SWIFT_EMIT_LOC_STRINGS = YES;
				SWIFT_VERSION = 5.0;
				TARGETED_DEVICE_FAMILY = "1,2";
			};
			name = Release;
		};
/* End XCBuildConfiguration section */

/* Begin XCConfigurationList section */
		57CC60832978005600C0D12A /* Build configuration list for PBXProject "CocktailsSwiftUI" */ = {
			isa = XCConfigurationList;
			buildConfigurations = (
				57CC60942978005900C0D12A /* Debug */,
				57CC60952978005900C0D12A /* Release */,
			);
			defaultConfigurationIsVisible = 0;
			defaultConfigurationName = Release;
		};
		57CC60962978005900C0D12A /* Build configuration list for PBXNativeTarget "CocktailsSwiftUI" */ = {
			isa = XCConfigurationList;
			buildConfigurations = (
				57CC60972978005900C0D12A /* Debug */,
				57CC60982978005900C0D12A /* Release */,
			);
			defaultConfigurationIsVisible = 0;
			defaultConfigurationName = Release;
		};
/* End XCConfigurationList section */

/* Begin XCRemoteSwiftPackageReference section */
		578DAC5D2987F1B400B94904 /* XCRemoteSwiftPackageReference "Nuke" */ = {
			isa = XCRemoteSwiftPackageReference;
			repositoryURL = "https://github.com/kean/Nuke.git";
			requirement = {
				kind = upToNextMajorVersion;
				minimumVersion = 11.0.0;
			};
		};
/* End XCRemoteSwiftPackageReference section */

/* Begin XCSwiftPackageProductDependency section */
		578DAC5E2987F1B400B94904 /* Nuke */ = {
			isa = XCSwiftPackageProductDependency;
			package = 578DAC5D2987F1B400B94904 /* XCRemoteSwiftPackageReference "Nuke" */;
			productName = Nuke;
		};
		578DAC602987F1B400B94904 /* NukeExtensions */ = {
			isa = XCSwiftPackageProductDependency;
			package = 578DAC5D2987F1B400B94904 /* XCRemoteSwiftPackageReference "Nuke" */;
			productName = NukeExtensions;
		};
		578DAC622987F1B400B94904 /* NukeUI */ = {
			isa = XCSwiftPackageProductDependency;
			package = 578DAC5D2987F1B400B94904 /* XCRemoteSwiftPackageReference "Nuke" */;
			productName = NukeUI;
		};
/* End XCSwiftPackageProductDependency section */

/* Begin XCVersionGroup section */
		578DAC672987FF5D00B94904 /* Model.xcdatamodeld */ = {
			isa = XCVersionGroup;
			children = (
				578DAC682987FF5D00B94904 /* Model.xcdatamodel */,
			);
			currentVersion = 578DAC682987FF5D00B94904 /* Model.xcdatamodel */;
			path = Model.xcdatamodeld;
			sourceTree = "<group>";
			versionGroupType = wrapper.xcdatamodel;
		};
/* End XCVersionGroup section */
	};
	rootObject = 57CC60802978005600C0D12A /* Project object */;
}
